
Microsoft Visual Studio Solution File, Format Version 12.00
# Visual Studio Version 17
VisualStudioVersion = 17.14.36109.1 d17.14
MinimumVisualStudioVersion = 10.0.40219.1
Project("{FAE04EC0-301F-11D3-BF4B-00C04F79EFBC}") = "RedBank", "RedBank\RedBank.csproj", "{697FC661-2450-4F4D-B27F-6B5E892F9100}"
EndProject
Global
	GlobalSection(SolutionConfigurationPlatforms) = preSolution
		Debug|Any CPU = Debug|Any CPU
		Release|Any CPU = Release|Any CPU
	EndGlobalSection
	GlobalSection(ProjectConfigurationPlatforms) = postSolution
		{697FC661-2450-4F4D-B27F-6B5E892F9100}.Debug|Any CPU.ActiveCfg = Debug|Any CPU
		{697FC661-2450-4F4D-B27F-6B5E892F9100}.Debug|Any CPU.Build.0 = Debug|Any CPU
		{697FC661-2450-4F4D-B27F-6B5E892F9100}.Release|Any CPU.ActiveCfg = Release|Any CPU
		{697FC661-2450-4F4D-B27F-6B5E892F9100}.Release|Any CPU.Build.0 = Release|Any CPU
	EndGlobalSection
	GlobalSection(SolutionProperties) = preSolution
		HideSolutionNode = FALSE
	EndGlobalSection
	GlobalSection(ExtensibilityGlobals) = postSolution
		SolutionGuid = {6662591C-707F-4746-B189-99E57D28395A}
	EndGlobalSection
EndGlobal
